
Microsoft Visual Studio Solution File, Format Version 12.00
# Visual Studio Version 17
VisualStudioVersion = 17.2.32526.322
MinimumVisualStudioVersion = 10.0.40219.1
Project("{FAE04EC0-301F-11D3-BF4B-00C04F79EFBC}") = "MvcAzureCosmosDb", "MvcAzureCosmosDb\MvcAzureCosmosDb.csproj", "{95F3407B-0493-4887-BD2D-98B68AD6998A}"
EndProject
Global
	GlobalSection(SolutionConfigurationPlatforms) = preSolution
		Debug|Any CPU = Debug|Any CPU
		Release|Any CPU = Release|Any CPU
	EndGlobalSection
	GlobalSection(ProjectConfigurationPlatforms) = postSolution
		{95F3407B-0493-4887-BD2D-98B68AD6998A}.Debug|Any CPU.ActiveCfg = Debug|Any CPU
		{95F3407B-0493-4887-BD2D-98B68AD6998A}.Debug|Any CPU.Build.0 = Debug|Any CPU
		{95F3407B-0493-4887-BD2D-98B68AD6998A}.Release|Any CPU.ActiveCfg = Release|Any CPU
		{95F3407B-0493-4887-BD2D-98B68AD6998A}.Release|Any CPU.Build.0 = Release|Any CPU
	EndGlobalSection
	GlobalSection(SolutionProperties) = preSolution
		HideSolutionNode = FALSE
	EndGlobalSection
	GlobalSection(ExtensibilityGlobals) = postSolution
		SolutionGuid = {35D8EC5A-9437-4F42-88DB-BFB96A596BA9}
	EndGlobalSection
EndGlobal
